
Microsoft Visual Studio Solution File, Format Version 12.00
# Visual Studio Version 17
VisualStudioVersion = 17.0.31903.59
MinimumVisualStudioVersion = 10.0.40219.1
Project("{9A19103F-16F7-4668-BE54-9A1E7A4F7556}") = "ConsoleApp1", "ConsoleApp1\ConsoleApp1\ConsoleApp1.csproj", "{62971D38-FF31-4EFE-99D4-94D42D109326}"
EndProject
Project("{9A19103F-16F7-4668-BE54-9A1E7A4F7556}") = "ConsoleApp1Tests", "ConsoleApp1Tests\ConsoleApp1Tests.csproj", "{2A1A8B84-9818-456E-9A44-1CF282A0D399}"
EndProject
Global
	GlobalSection(SolutionConfigurationPlatforms) = preSolution
		Debug|Any CPU = Debug|Any CPU
		Release|Any CPU = Release|Any CPU
	EndGlobalSection
	GlobalSection(ProjectConfigurationPlatforms) = postSolution
		{62971D38-FF31-4EFE-99D4-94D42D109326}.Debug|Any CPU.ActiveCfg = Debug|Any CPU
		{62971D38-FF31-4EFE-99D4-94D42D109326}.Debug|Any CPU.Build.0 = Debug|Any CPU
		{62971D38-FF31-4EFE-99D4-94D42D109326}.Release|Any CPU.ActiveCfg = Release|Any CPU
		{62971D38-FF31-4EFE-99D4-94D42D109326}.Release|Any CPU.Build.0 = Release|Any CPU
		{2A1A8B84-9818-456E-9A44-1CF282A0D399}.Debug|Any CPU.ActiveCfg = Debug|Any CPU
		{2A1A8B84-9818-456E-9A44-1CF282A0D399}.Debug|Any CPU.Build.0 = Debug|Any CPU
		{2A1A8B84-9818-456E-9A44-1CF282A0D399}.Release|Any CPU.ActiveCfg = Release|Any CPU
		{2A1A8B84-9818-456E-9A44-1CF282A0D399}.Release|Any CPU.Build.0 = Release|Any CPU
	EndGlobalSection
	GlobalSection(SolutionProperties) = preSolution
		HideSolutionNode = FALSE
	EndGlobalSection
EndGlobal
